
Microsoft Visual Studio Solution File, Format Version 12.00
# Visual Studio Version 17
VisualStudioVersion = 17.5.33516.290
MinimumVisualStudioVersion = 10.0.40219.1
Project("{FAE04EC0-301F-11D3-BF4B-00C04F79EFBC}") = "Backend", "Backend\Backend.csproj", "{CCD4DE1E-6980-4A12-9729-4C999B18F8F3}"
EndProject
Project("{FAE04EC0-301F-11D3-BF4B-00C04F79EFBC}") = "CsvExporterTest", "CsvExporterTest\CsvExporterTest.csproj", "{B7FD2D69-B03D-46AC-B111-A4EE8C2678DE}"
EndProject
Global
	GlobalSection(SolutionConfigurationPlatforms) = preSolution
		Debug|Any CPU = Debug|Any CPU
		Release|Any CPU = Release|Any CPU
	EndGlobalSection
	GlobalSection(ProjectConfigurationPlatforms) = postSolution
		{CCD4DE1E-6980-4A12-9729-4C999B18F8F3}.Debug|Any CPU.ActiveCfg = Debug|Any CPU
		{CCD4DE1E-6980-4A12-9729-4C999B18F8F3}.Debug|Any CPU.Build.0 = Debug|Any CPU
		{CCD4DE1E-6980-4A12-9729-4C999B18F8F3}.Release|Any CPU.ActiveCfg = Release|Any CPU
		{CCD4DE1E-6980-4A12-9729-4C999B18F8F3}.Release|Any CPU.Build.0 = Release|Any CPU
		{B7FD2D69-B03D-46AC-B111-A4EE8C2678DE}.Debug|Any CPU.ActiveCfg = Debug|Any CPU
		{B7FD2D69-B03D-46AC-B111-A4EE8C2678DE}.Debug|Any CPU.Build.0 = Debug|Any CPU
		{B7FD2D69-B03D-46AC-B111-A4EE8C2678DE}.Release|Any CPU.ActiveCfg = Release|Any CPU
		{B7FD2D69-B03D-46AC-B111-A4EE8C2678DE}.Release|Any CPU.Build.0 = Release|Any CPU
	EndGlobalSection
	GlobalSection(SolutionProperties) = preSolution
		HideSolutionNode = FALSE
	EndGlobalSection
	GlobalSection(ExtensibilityGlobals) = postSolution
		SolutionGuid = {0D8740E1-1CE6-4095-A475-EDA051153F7F}
	EndGlobalSection
EndGlobal
